// !$*UTF8*$!
{
	archiveVersion = 1;
	classes = {
	};
	objectVersion = 46;
	objects = {

/* Begin PBXBuildFile section */
		2D36BFDE410F6052852B3E69 /* Pods_IVFetchTests.framework in Frameworks */ = {isa = PBXBuildFile; fileRef = CB63D5B1784D7D3CE1F4879A /* Pods_IVFetchTests.framework */; };
		C71CFD061D74E72400469B50 /* SearchablePokemonCollectionViewController.swift in Sources */ = {isa = PBXBuildFile; fileRef = C71CFD051D74E72400469B50 /* SearchablePokemonCollectionViewController.swift */; };
		C77316381D77B0A70007D7DC /* SignInButton.swift in Sources */ = {isa = PBXBuildFile; fileRef = C77316371D77B0A70007D7DC /* SignInButton.swift */; };
		C77D3AD81D74140A0046A981 /* utils.swift in Sources */ = {isa = PBXBuildFile; fileRef = C77D3AD71D74140A0046A981 /* utils.swift */; };
		C7CF2E9D1D70D1D600DD23B0 /* LoginViewController.swift in Sources */ = {isa = PBXBuildFile; fileRef = C7CF2E9C1D70D1D600DD23B0 /* LoginViewController.swift */; };
		C7CF2E9F1D70D59900DD23B0 /* PokemonService.swift in Sources */ = {isa = PBXBuildFile; fileRef = C7CF2E9E1D70D59900DD23B0 /* PokemonService.swift */; };
		C7CF2EA01D70D59900DD23B0 /* PokemonService.swift in Sources */ = {isa = PBXBuildFile; fileRef = C7CF2E9E1D70D59900DD23B0 /* PokemonService.swift */; };
		C7CF2EA41D718A4400DD23B0 /* PokemonCollectionViewCell.swift in Sources */ = {isa = PBXBuildFile; fileRef = C7CF2EA31D718A4400DD23B0 /* PokemonCollectionViewCell.swift */; };
		C7DBD9C81D70B9CB00497B78 /* AppDelegate.swift in Sources */ = {isa = PBXBuildFile; fileRef = C7DBD9C71D70B9CB00497B78 /* AppDelegate.swift */; };
		C7DBD9CD1D70B9CB00497B78 /* Main.storyboard in Resources */ = {isa = PBXBuildFile; fileRef = C7DBD9CB1D70B9CB00497B78 /* Main.storyboard */; };
		C7DBD9CF1D70B9CB00497B78 /* Assets.xcassets in Resources */ = {isa = PBXBuildFile; fileRef = C7DBD9CE1D70B9CB00497B78 /* Assets.xcassets */; };
		C7DBD9D21D70B9CB00497B78 /* LaunchScreen.storyboard in Resources */ = {isa = PBXBuildFile; fileRef = C7DBD9D01D70B9CB00497B78 /* LaunchScreen.storyboard */; };
		C7DBD9DD1D70B9CB00497B78 /* IVFetchTests.swift in Sources */ = {isa = PBXBuildFile; fileRef = C7DBD9DC1D70B9CB00497B78 /* IVFetchTests.swift */; };
		C7F780D61D72940F00620990 /* PokemonDetailViewController.swift in Sources */ = {isa = PBXBuildFile; fileRef = C7F780D51D72940F00620990 /* PokemonDetailViewController.swift */; };
		C7F780DE1D72AF2C00620990 /* PokemonDetailViewCell.swift in Sources */ = {isa = PBXBuildFile; fileRef = C7F780DD1D72AF2C00620990 /* PokemonDetailViewCell.swift */; };
		D7A39994801B330838EF35CA /* Pods_IVFetch.framework in Frameworks */ = {isa = PBXBuildFile; fileRef = 14F3560A660E6B38C10157FD /* Pods_IVFetch.framework */; };
/* End PBXBuildFile section */

/* Begin PBXContainerItemProxy section */
		C7DBD9D91D70B9CB00497B78 /* PBXContainerItemProxy */ = {
			isa = PBXContainerItemProxy;
			containerPortal = C7DBD9BC1D70B9CB00497B78 /* Project object */;
			proxyType = 1;
			remoteGlobalIDString = C7DBD9C31D70B9CB00497B78;
			remoteInfo = IVFetch;
		};
/* End PBXContainerItemProxy section */

/* Begin PBXFileReference section */
		14F3560A660E6B38C10157FD /* Pods_IVFetch.framework */ = {isa = PBXFileReference; explicitFileType = wrapper.framework; includeInIndex = 0; path = Pods_IVFetch.framework; sourceTree = BUILT_PRODUCTS_DIR; };
		55B242E37921C3994D30BCB2 /* Pods-IVFetchTests.release.xcconfig */ = {isa = PBXFileReference; includeInIndex = 1; lastKnownFileType = text.xcconfig; name = "Pods-IVFetchTests.release.xcconfig"; path = "Pods/Target Support Files/Pods-IVFetchTests/Pods-IVFetchTests.release.xcconfig"; sourceTree = "<group>"; };
		87E0032D932BEF881B990CE8 /* Pods-IVFetchTests.debug.xcconfig */ = {isa = PBXFileReference; includeInIndex = 1; lastKnownFileType = text.xcconfig; name = "Pods-IVFetchTests.debug.xcconfig"; path = "Pods/Target Support Files/Pods-IVFetchTests/Pods-IVFetchTests.debug.xcconfig"; sourceTree = "<group>"; };
		C71CFD051D74E72400469B50 /* SearchablePokemonCollectionViewController.swift */ = {isa = PBXFileReference; fileEncoding = 4; lastKnownFileType = sourcecode.swift; path = SearchablePokemonCollectionViewController.swift; sourceTree = "<group>"; };
		C77316371D77B0A70007D7DC /* SignInButton.swift */ = {isa = PBXFileReference; fileEncoding = 4; lastKnownFileType = sourcecode.swift; path = SignInButton.swift; sourceTree = "<group>"; };
		C77D3AD71D74140A0046A981 /* utils.swift */ = {isa = PBXFileReference; fileEncoding = 4; lastKnownFileType = sourcecode.swift; path = utils.swift; sourceTree = "<group>"; };
		C7CF2E9C1D70D1D600DD23B0 /* LoginViewController.swift */ = {isa = PBXFileReference; fileEncoding = 4; lastKnownFileType = sourcecode.swift; path = LoginViewController.swift; sourceTree = "<group>"; };
		C7CF2E9E1D70D59900DD23B0 /* PokemonService.swift */ = {isa = PBXFileReference; fileEncoding = 4; lastKnownFileType = sourcecode.swift; path = PokemonService.swift; sourceTree = "<group>"; };
		C7CF2EA31D718A4400DD23B0 /* PokemonCollectionViewCell.swift */ = {isa = PBXFileReference; fileEncoding = 4; lastKnownFileType = sourcecode.swift; path = PokemonCollectionViewCell.swift; sourceTree = "<group>"; };
		C7DBD9C41D70B9CB00497B78 /* IVFetch.app */ = {isa = PBXFileReference; explicitFileType = wrapper.application; includeInIndex = 0; path = IVFetch.app; sourceTree = BUILT_PRODUCTS_DIR; };
		C7DBD9C71D70B9CB00497B78 /* AppDelegate.swift */ = {isa = PBXFileReference; lastKnownFileType = sourcecode.swift; path = AppDelegate.swift; sourceTree = "<group>"; };
		C7DBD9CC1D70B9CB00497B78 /* Base */ = {isa = PBXFileReference; lastKnownFileType = file.storyboard; name = Base; path = Base.lproj/Main.storyboard; sourceTree = "<group>"; };
		C7DBD9CE1D70B9CB00497B78 /* Assets.xcassets */ = {isa = PBXFileReference; lastKnownFileType = folder.assetcatalog; path = Assets.xcassets; sourceTree = "<group>"; };
		C7DBD9D11D70B9CB00497B78 /* Base */ = {isa = PBXFileReference; lastKnownFileType = file.storyboard; name = Base; path = Base.lproj/LaunchScreen.storyboard; sourceTree = "<group>"; };
		C7DBD9D31D70B9CB00497B78 /* Info.plist */ = {isa = PBXFileReference; lastKnownFileType = text.plist.xml; path = Info.plist; sourceTree = "<group>"; };
		C7DBD9D81D70B9CB00497B78 /* IVFetchTests.xctest */ = {isa = PBXFileReference; explicitFileType = wrapper.cfbundle; includeInIndex = 0; path = IVFetchTests.xctest; sourceTree = BUILT_PRODUCTS_DIR; };
		C7DBD9DC1D70B9CB00497B78 /* IVFetchTests.swift */ = {isa = PBXFileReference; lastKnownFileType = sourcecode.swift; path = IVFetchTests.swift; sourceTree = "<group>"; };
		C7DBD9DE1D70B9CB00497B78 /* Info.plist */ = {isa = PBXFileReference; lastKnownFileType = text.plist.xml; path = Info.plist; sourceTree = "<group>"; };
		C7F780D51D72940F00620990 /* PokemonDetailViewController.swift */ = {isa = PBXFileReference; fileEncoding = 4; lastKnownFileType = sourcecode.swift; path = PokemonDetailViewController.swift; sourceTree = "<group>"; };
		C7F780DD1D72AF2C00620990 /* PokemonDetailViewCell.swift */ = {isa = PBXFileReference; fileEncoding = 4; lastKnownFileType = sourcecode.swift; path = PokemonDetailViewCell.swift; sourceTree = "<group>"; };
		CB63D5B1784D7D3CE1F4879A /* Pods_IVFetchTests.framework */ = {isa = PBXFileReference; explicitFileType = wrapper.framework; includeInIndex = 0; path = Pods_IVFetchTests.framework; sourceTree = BUILT_PRODUCTS_DIR; };
		DBAC4C400FAB3FD7B256B803 /* Pods-IVFetch.release.xcconfig */ = {isa = PBXFileReference; includeInIndex = 1; lastKnownFileType = text.xcconfig; name = "Pods-IVFetch.release.xcconfig"; path = "Pods/Target Support Files/Pods-IVFetch/Pods-IVFetch.release.xcconfig"; sourceTree = "<group>"; };
		E6F2DED51E179C4150F64798 /* Pods-IVFetch.debug.xcconfig */ = {isa = PBXFileReference; includeInIndex = 1; lastKnownFileType = text.xcconfig; name = "Pods-IVFetch.debug.xcconfig"; path = "Pods/Target Support Files/Pods-IVFetch/Pods-IVFetch.debug.xcconfig"; sourceTree = "<group>"; };
/* End PBXFileReference section */

/* Begin PBXFrameworksBuildPhase section */
		C7DBD9C11D70B9CB00497B78 /* Frameworks */ = {
			isa = PBXFrameworksBuildPhase;
			buildActionMask = 2147483647;
			files = (
				D7A39994801B330838EF35CA /* Pods_IVFetch.framework in Frameworks */,
			);
			runOnlyForDeploymentPostprocessing = 0;
		};
		C7DBD9D51D70B9CB00497B78 /* Frameworks */ = {
			isa = PBXFrameworksBuildPhase;
			buildActionMask = 2147483647;
			files = (
				2D36BFDE410F6052852B3E69 /* Pods_IVFetchTests.framework in Frameworks */,
			);
			runOnlyForDeploymentPostprocessing = 0;
		};
/* End PBXFrameworksBuildPhase section */

/* Begin PBXGroup section */
		60C3FB4921D26BF96F197272 /* Pods */ = {
			isa = PBXGroup;
			children = (
				E6F2DED51E179C4150F64798 /* Pods-IVFetch.debug.xcconfig */,
				DBAC4C400FAB3FD7B256B803 /* Pods-IVFetch.release.xcconfig */,
				87E0032D932BEF881B990CE8 /* Pods-IVFetchTests.debug.xcconfig */,
				55B242E37921C3994D30BCB2 /* Pods-IVFetchTests.release.xcconfig */,
			);
			name = Pods;
			sourceTree = "<group>";
		};
		BC681D2788CAB08CBC4A0DF8 /* Frameworks */ = {
			isa = PBXGroup;
			children = (
				14F3560A660E6B38C10157FD /* Pods_IVFetch.framework */,
				CB63D5B1784D7D3CE1F4879A /* Pods_IVFetchTests.framework */,
			);
			name = Frameworks;
			sourceTree = "<group>";
		};
		C79C45D11D75C98E00CC826E /* Controllers */ = {
			isa = PBXGroup;
			children = (
				C7CF2E9C1D70D1D600DD23B0 /* LoginViewController.swift */,
				C71CFD051D74E72400469B50 /* SearchablePokemonCollectionViewController.swift */,
				C7F780D51D72940F00620990 /* PokemonDetailViewController.swift */,
			);
			name = Controllers;
			sourceTree = "<group>";
		};
		C79C45D21D75C99B00CC826E /* Models */ = {
			isa = PBXGroup;
			children = (
				C7CF2E9E1D70D59900DD23B0 /* PokemonService.swift */,
			);
			name = Models;
			sourceTree = "<group>";
		};
		C79C45D31D75C9AB00CC826E /* Views */ = {
			isa = PBXGroup;
			children = (
				C7DBD9CB1D70B9CB00497B78 /* Main.storyboard */,
				C7F780DD1D72AF2C00620990 /* PokemonDetailViewCell.swift */,
				C7CF2EA31D718A4400DD23B0 /* PokemonCollectionViewCell.swift */,
				C77316371D77B0A70007D7DC /* SignInButton.swift */,
			);
			name = Views;
			sourceTree = "<group>";
		};
		C7DBD9BB1D70B9CB00497B78 = {
			isa = PBXGroup;
			children = (
				C7DBD9C61D70B9CB00497B78 /* IVFetch */,
				C7DBD9DB1D70B9CB00497B78 /* IVFetchTests */,
				C7DBD9C51D70B9CB00497B78 /* Products */,
				60C3FB4921D26BF96F197272 /* Pods */,
				BC681D2788CAB08CBC4A0DF8 /* Frameworks */,
			);
			sourceTree = "<group>";
		};
		C7DBD9C51D70B9CB00497B78 /* Products */ = {
			isa = PBXGroup;
			children = (
				C7DBD9C41D70B9CB00497B78 /* IVFetch.app */,
				C7DBD9D81D70B9CB00497B78 /* IVFetchTests.xctest */,
			);
			name = Products;
			sourceTree = "<group>";
		};
		C7DBD9C61D70B9CB00497B78 /* IVFetch */ = {
			isa = PBXGroup;
			children = (
				C7DBD9E71D70BA0300497B78 /* Supporting Files */,
				C79C45D11D75C98E00CC826E /* Controllers */,
				C79C45D31D75C9AB00CC826E /* Views */,
				C79C45D21D75C99B00CC826E /* Models */,
				C77D3AD71D74140A0046A981 /* utils.swift */,
			);
			path = IVFetch;
			sourceTree = "<group>";
		};
		C7DBD9DB1D70B9CB00497B78 /* IVFetchTests */ = {
			isa = PBXGroup;
			children = (
				C7DBD9DC1D70B9CB00497B78 /* IVFetchTests.swift */,
				C7DBD9DE1D70B9CB00497B78 /* Info.plist */,
			);
			path = IVFetchTests;
			sourceTree = "<group>";
		};
		C7DBD9E71D70BA0300497B78 /* Supporting Files */ = {
			isa = PBXGroup;
			children = (
				C7DBD9C71D70B9CB00497B78 /* AppDelegate.swift */,
				C7DBD9CE1D70B9CB00497B78 /* Assets.xcassets */,
				C7DBD9D01D70B9CB00497B78 /* LaunchScreen.storyboard */,
				C7DBD9D31D70B9CB00497B78 /* Info.plist */,
			);
			name = "Supporting Files";
			sourceTree = "<group>";
		};
/* End PBXGroup section */

/* Begin PBXNativeTarget section */
		C7DBD9C31D70B9CB00497B78 /* IVFetch */ = {
			isa = PBXNativeTarget;
			buildConfigurationList = C7DBD9E11D70B9CB00497B78 /* Build configuration list for PBXNativeTarget "IVFetch" */;
			buildPhases = (
				D4C8B8596D2A1107BFAB1D9E /* [CP] Check Pods Manifest.lock */,
				C7DBD9C01D70B9CB00497B78 /* Sources */,
				C7DBD9C11D70B9CB00497B78 /* Frameworks */,
				C7DBD9C21D70B9CB00497B78 /* Resources */,
				197CD1A91E0B9B376CA30FE2 /* [CP] Embed Pods Frameworks */,
				59960CE0B930890E2EC3DAA9 /* [CP] Copy Pods Resources */,
			);
			buildRules = (
			);
			dependencies = (
			);
			name = IVFetch;
			productName = IVFetch;
			productReference = C7DBD9C41D70B9CB00497B78 /* IVFetch.app */;
			productType = "com.apple.product-type.application";
		};
		C7DBD9D71D70B9CB00497B78 /* IVFetchTests */ = {
			isa = PBXNativeTarget;
			buildConfigurationList = C7DBD9E41D70B9CB00497B78 /* Build configuration list for PBXNativeTarget "IVFetchTests" */;
			buildPhases = (
				FFD6DCA572DE5D49BCDDA70A /* [CP] Check Pods Manifest.lock */,
				C7DBD9D41D70B9CB00497B78 /* Sources */,
				C7DBD9D51D70B9CB00497B78 /* Frameworks */,
				C7DBD9D61D70B9CB00497B78 /* Resources */,
				A1C242E26C041FE939A96A70 /* [CP] Embed Pods Frameworks */,
				144E1E656B959C23C0118D9E /* [CP] Copy Pods Resources */,
			);
			buildRules = (
			);
			dependencies = (
				C7DBD9DA1D70B9CB00497B78 /* PBXTargetDependency */,
			);
			name = IVFetchTests;
			productName = IVFetchTests;
			productReference = C7DBD9D81D70B9CB00497B78 /* IVFetchTests.xctest */;
			productType = "com.apple.product-type.bundle.unit-test";
		};
/* End PBXNativeTarget section */

/* Begin PBXProject section */
		C7DBD9BC1D70B9CB00497B78 /* Project object */ = {
			isa = PBXProject;
			attributes = {
				LastSwiftUpdateCheck = 0730;
				LastUpgradeCheck = 0730;
				ORGANIZATIONNAME = "Brian Barton";
				TargetAttributes = {
					C7DBD9C31D70B9CB00497B78 = {
						CreatedOnToolsVersion = 7.3.1;
						DevelopmentTeam = CWXDGUY399;
					};
					C7DBD9D71D70B9CB00497B78 = {
						CreatedOnToolsVersion = 7.3.1;
						TestTargetID = C7DBD9C31D70B9CB00497B78;
					};
				};
			};
			buildConfigurationList = C7DBD9BF1D70B9CB00497B78 /* Build configuration list for PBXProject "IVFetch" */;
			compatibilityVersion = "Xcode 3.2";
			developmentRegion = English;
			hasScannedForEncodings = 0;
			knownRegions = (
				en,
				Base,
			);
			mainGroup = C7DBD9BB1D70B9CB00497B78;
			productRefGroup = C7DBD9C51D70B9CB00497B78 /* Products */;
			projectDirPath = "";
			projectRoot = "";
			targets = (
				C7DBD9C31D70B9CB00497B78 /* IVFetch */,
				C7DBD9D71D70B9CB00497B78 /* IVFetchTests */,
			);
		};
/* End PBXProject section */

/* Begin PBXResourcesBuildPhase section */
		C7DBD9C21D70B9CB00497B78 /* Resources */ = {
			isa = PBXResourcesBuildPhase;
			buildActionMask = 2147483647;
			files = (
				C7DBD9D21D70B9CB00497B78 /* LaunchScreen.storyboard in Resources */,
				C7DBD9CF1D70B9CB00497B78 /* Assets.xcassets in Resources */,
				C7DBD9CD1D70B9CB00497B78 /* Main.storyboard in Resources */,
			);
			runOnlyForDeploymentPostprocessing = 0;
		};
		C7DBD9D61D70B9CB00497B78 /* Resources */ = {
			isa = PBXResourcesBuildPhase;
			buildActionMask = 2147483647;
			files = (
			);
			runOnlyForDeploymentPostprocessing = 0;
		};
/* End PBXResourcesBuildPhase section */

/* Begin PBXShellScriptBuildPhase section */
		144E1E656B959C23C0118D9E /* [CP] Copy Pods Resources */ = {
			isa = PBXShellScriptBuildPhase;
			buildActionMask = 2147483647;
			files = (
			);
			inputPaths = (
			);
			name = "[CP] Copy Pods Resources";
			outputPaths = (
			);
			runOnlyForDeploymentPostprocessing = 0;
			shellPath = /bin/sh;
			shellScript = "\"${SRCROOT}/Pods/Target Support Files/Pods-IVFetchTests/Pods-IVFetchTests-resources.sh\"\n";
			showEnvVarsInLog = 0;
		};
		197CD1A91E0B9B376CA30FE2 /* [CP] Embed Pods Frameworks */ = {
			isa = PBXShellScriptBuildPhase;
			buildActionMask = 2147483647;
			files = (
			);
			inputPaths = (
			);
			name = "[CP] Embed Pods Frameworks";
			outputPaths = (
			);
			runOnlyForDeploymentPostprocessing = 0;
			shellPath = /bin/sh;
			shellScript = "\"${SRCROOT}/Pods/Target Support Files/Pods-IVFetch/Pods-IVFetch-frameworks.sh\"\n";
			showEnvVarsInLog = 0;
		};
		59960CE0B930890E2EC3DAA9 /* [CP] Copy Pods Resources */ = {
			isa = PBXShellScriptBuildPhase;
			buildActionMask = 2147483647;
			files = (
			);
			inputPaths = (
			);
			name = "[CP] Copy Pods Resources";
			outputPaths = (
			);
			runOnlyForDeploymentPostprocessing = 0;
			shellPath = /bin/sh;
			shellScript = "\"${SRCROOT}/Pods/Target Support Files/Pods-IVFetch/Pods-IVFetch-resources.sh\"\n";
			showEnvVarsInLog = 0;
		};
		A1C242E26C041FE939A96A70 /* [CP] Embed Pods Frameworks */ = {
			isa = PBXShellScriptBuildPhase;
			buildActionMask = 2147483647;
			files = (
			);
			inputPaths = (
			);
			name = "[CP] Embed Pods Frameworks";
			outputPaths = (
			);
			runOnlyForDeploymentPostprocessing = 0;
			shellPath = /bin/sh;
			shellScript = "\"${SRCROOT}/Pods/Target Support Files/Pods-IVFetchTests/Pods-IVFetchTests-frameworks.sh\"\n";
			showEnvVarsInLog = 0;
		};
		D4C8B8596D2A1107BFAB1D9E /* [CP] Check Pods Manifest.lock */ = {
			isa = PBXShellScriptBuildPhase;
			buildActionMask = 2147483647;
			files = (
			);
			inputPaths = (
			);
			name = "[CP] Check Pods Manifest.lock";
			outputPaths = (
			);
			runOnlyForDeploymentPostprocessing = 0;
			shellPath = /bin/sh;
			shellScript = "diff \"${PODS_ROOT}/../Podfile.lock\" \"${PODS_ROOT}/Manifest.lock\" > /dev/null\nif [[ $? != 0 ]] ; then\n    cat << EOM\nerror: The sandbox is not in sync with the Podfile.lock. Run 'pod install' or update your CocoaPods installation.\nEOM\n    exit 1\nfi\n";
			showEnvVarsInLog = 0;
		};
		FFD6DCA572DE5D49BCDDA70A /* [CP] Check Pods Manifest.lock */ = {
			isa = PBXShellScriptBuildPhase;
			buildActionMask = 2147483647;
			files = (
			);
			inputPaths = (
			);
			name = "[CP] Check Pods Manifest.lock";
			outputPaths = (
			);
			runOnlyForDeploymentPostprocessing = 0;
			shellPath = /bin/sh;
			shellScript = "diff \"${PODS_ROOT}/../Podfile.lock\" \"${PODS_ROOT}/Manifest.lock\" > /dev/null\nif [[ $? != 0 ]] ; then\n    cat << EOM\nerror: The sandbox is not in sync with the Podfile.lock. Run 'pod install' or update your CocoaPods installation.\nEOM\n    exit 1\nfi\n";
			showEnvVarsInLog = 0;
		};
/* End PBXShellScriptBuildPhase section */

/* Begin PBXSourcesBuildPhase section */
		C7DBD9C01D70B9CB00497B78 /* Sources */ = {
			isa = PBXSourcesBuildPhase;
			buildActionMask = 2147483647;
			files = (
				C77D3AD81D74140A0046A981 /* utils.swift in Sources */,
				C7CF2E9D1D70D1D600DD23B0 /* LoginViewController.swift in Sources */,
				C7F780D61D72940F00620990 /* PokemonDetailViewController.swift in Sources */,
				C7DBD9C81D70B9CB00497B78 /* AppDelegate.swift in Sources */,
				C7CF2EA41D718A4400DD23B0 /* PokemonCollectionViewCell.swift in Sources */,
				C77316381D77B0A70007D7DC /* SignInButton.swift in Sources */,
				C7CF2E9F1D70D59900DD23B0 /* PokemonService.swift in Sources */,
				C7F780DE1D72AF2C00620990 /* PokemonDetailViewCell.swift in Sources */,
				C71CFD061D74E72400469B50 /* SearchablePokemonCollectionViewController.swift in Sources */,
			);
			runOnlyForDeploymentPostprocessing = 0;
		};
		C7DBD9D41D70B9CB00497B78 /* Sources */ = {
			isa = PBXSourcesBuildPhase;
			buildActionMask = 2147483647;
			files = (
				C7DBD9DD1D70B9CB00497B78 /* IVFetchTests.swift in Sources */,
				C7CF2EA01D70D59900DD23B0 /* PokemonService.swift in Sources */,
			);
			runOnlyForDeploymentPostprocessing = 0;
		};
/* End PBXSourcesBuildPhase section */

/* Begin PBXTargetDependency section */
		C7DBD9DA1D70B9CB00497B78 /* PBXTargetDependency */ = {
			isa = PBXTargetDependency;
			target = C7DBD9C31D70B9CB00497B78 /* IVFetch */;
			targetProxy = C7DBD9D91D70B9CB00497B78 /* PBXContainerItemProxy */;
		};
/* End PBXTargetDependency section */

/* Begin PBXVariantGroup section */
		C7DBD9CB1D70B9CB00497B78 /* Main.storyboard */ = {
			isa = PBXVariantGroup;
			children = (
				C7DBD9CC1D70B9CB00497B78 /* Base */,
			);
			name = Main.storyboard;
			sourceTree = "<group>";
		};
		C7DBD9D01D70B9CB00497B78 /* LaunchScreen.storyboard */ = {
			isa = PBXVariantGroup;
			children = (
				C7DBD9D11D70B9CB00497B78 /* Base */,
			);
			name = LaunchScreen.storyboard;
			sourceTree = "<group>";
		};
/* End PBXVariantGroup section */

/* Begin XCBuildConfiguration section */
		C7DBD9DF1D70B9CB00497B78 /* Debug */ = {
			isa = XCBuildConfiguration;
			buildSettings = {
				ALWAYS_SEARCH_USER_PATHS = NO;
				CLANG_ANALYZER_NONNULL = YES;
				CLANG_CXX_LANGUAGE_STANDARD = "gnu++0x";
				CLANG_CXX_LIBRARY = "libc++";
				CLANG_ENABLE_MODULES = YES;
				CLANG_ENABLE_OBJC_ARC = YES;
				CLANG_WARN_BOOL_CONVERSION = YES;
				CLANG_WARN_CONSTANT_CONVERSION = YES;
				CLANG_WARN_DIRECT_OBJC_ISA_USAGE = YES_ERROR;
				CLANG_WARN_EMPTY_BODY = YES;
				CLANG_WARN_ENUM_CONVERSION = YES;
				CLANG_WARN_INT_CONVERSION = YES;
				CLANG_WARN_OBJC_ROOT_CLASS = YES_ERROR;
				CLANG_WARN_UNREACHABLE_CODE = YES;
				CLANG_WARN__DUPLICATE_METHOD_MATCH = YES;
				"CODE_SIGN_IDENTITY[sdk=iphoneos*]" = "iPhone Developer";
				COPY_PHASE_STRIP = NO;
				DEBUG_INFORMATION_FORMAT = dwarf;
				ENABLE_STRICT_OBJC_MSGSEND = YES;
				ENABLE_TESTABILITY = YES;
				GCC_C_LANGUAGE_STANDARD = gnu99;
				GCC_DYNAMIC_NO_PIC = NO;
				GCC_NO_COMMON_BLOCKS = YES;
				GCC_OPTIMIZATION_LEVEL = 0;
				GCC_PREPROCESSOR_DEFINITIONS = (
					"DEBUG=1",
					"$(inherited)",
				);
				GCC_WARN_64_TO_32_BIT_CONVERSION = YES;
				GCC_WARN_ABOUT_RETURN_TYPE = YES_ERROR;
				GCC_WARN_UNDECLARED_SELECTOR = YES;
				GCC_WARN_UNINITIALIZED_AUTOS = YES_AGGRESSIVE;
				GCC_WARN_UNUSED_FUNCTION = YES;
				GCC_WARN_UNUSED_VARIABLE = YES;
				IPHONEOS_DEPLOYMENT_TARGET = 9.3;
				MTL_ENABLE_DEBUG_INFO = YES;
				ONLY_ACTIVE_ARCH = YES;
				SDKROOT = iphoneos;
				SWIFT_OPTIMIZATION_LEVEL = "-Onone";
				TARGETED_DEVICE_FAMILY = "1,2";
			};
			name = Debug;
		};
		C7DBD9E01D70B9CB00497B78 /* Release */ = {
			isa = XCBuildConfiguration;
			buildSettings = {
				ALWAYS_SEARCH_USER_PATHS = NO;
				CLANG_ANALYZER_NONNULL = YES;
				CLANG_CXX_LANGUAGE_STANDARD = "gnu++0x";
				CLANG_CXX_LIBRARY = "libc++";
				CLANG_ENABLE_MODULES = YES;
				CLANG_ENABLE_OBJC_ARC = YES;
				CLANG_WARN_BOOL_CONVERSION = YES;
				CLANG_WARN_CONSTANT_CONVERSION = YES;
				CLANG_WARN_DIRECT_OBJC_ISA_USAGE = YES_ERROR;
				CLANG_WARN_EMPTY_BODY = YES;
				CLANG_WARN_ENUM_CONVERSION = YES;
				CLANG_WARN_INT_CONVERSION = YES;
				CLANG_WARN_OBJC_ROOT_CLASS = YES_ERROR;
				CLANG_WARN_UNREACHABLE_CODE = YES;
				CLANG_WARN__DUPLICATE_METHOD_MATCH = YES;
				"CODE_SIGN_IDENTITY[sdk=iphoneos*]" = "iPhone Developer";
				COPY_PHASE_STRIP = NO;
				DEBUG_INFORMATION_FORMAT = "dwarf-with-dsym";
				ENABLE_NS_ASSERTIONS = NO;
				ENABLE_STRICT_OBJC_MSGSEND = YES;
				GCC_C_LANGUAGE_STANDARD = gnu99;
				GCC_NO_COMMON_BLOCKS = YES;
				GCC_WARN_64_TO_32_BIT_CONVERSION = YES;
				GCC_WARN_ABOUT_RETURN_TYPE = YES_ERROR;
				GCC_WARN_UNDECLARED_SELECTOR = YES;
				GCC_WARN_UNINITIALIZED_AUTOS = YES_AGGRESSIVE;
				GCC_WARN_UNUSED_FUNCTION = YES;
				GCC_WARN_UNUSED_VARIABLE = YES;
				IPHONEOS_DEPLOYMENT_TARGET = 9.3;
				MTL_ENABLE_DEBUG_INFO = NO;
				SDKROOT = iphoneos;
				TARGETED_DEVICE_FAMILY = "1,2";
				VALIDATE_PRODUCT = YES;
			};
			name = Release;
		};
		C7DBD9E21D70B9CB00497B78 /* Debug */ = {
			isa = XCBuildConfiguration;
			baseConfigurationReference = E6F2DED51E179C4150F64798 /* Pods-IVFetch.debug.xcconfig */;
			buildSettings = {
				ASSETCATALOG_COMPILER_APPICON_NAME = AppIcon;
				CLANG_ENABLE_MODULES = YES;
				CODE_SIGN_IDENTITY = "iPhone Developer";
				"CODE_SIGN_IDENTITY[sdk=iphoneos*]" = "iPhone Developer";
				INFOPLIST_FILE = IVFetch/Info.plist;
				LD_RUNPATH_SEARCH_PATHS = "$(inherited) @executable_path/Frameworks";
				PRODUCT_BUNDLE_IDENTIFIER = brianjob.IVFetch;
				PRODUCT_NAME = "$(TARGET_NAME)";
				PROVISIONING_PROFILE = "";
				SWIFT_OBJC_BRIDGING_HEADER = "";
				SWIFT_OPTIMIZATION_LEVEL = "-Onone";
			};
			name = Debug;
		};
		C7DBD9E31D70B9CB00497B78 /* Release */ = {
			isa = XCBuildConfiguration;
			baseConfigurationReference = DBAC4C400FAB3FD7B256B803 /* Pods-IVFetch.release.xcconfig */;
			buildSettings = {
				ASSETCATALOG_COMPILER_APPICON_NAME = AppIcon;
				CLANG_ENABLE_MODULES = YES;
				CODE_SIGN_IDENTITY = "iPhone Developer";
				"CODE_SIGN_IDENTITY[sdk=iphoneos*]" = "iPhone Developer";
				INFOPLIST_FILE = IVFetch/Info.plist;
				LD_RUNPATH_SEARCH_PATHS = "$(inherited) @executable_path/Frameworks";
				PRODUCT_BUNDLE_IDENTIFIER = brianjob.IVFetch;
				PRODUCT_NAME = "$(TARGET_NAME)";
				PROVISIONING_PROFILE = "";
				SWIFT_OBJC_BRIDGING_HEADER = "";
			};
			name = Release;
		};
		C7DBD9E51D70B9CB00497B78 /* Debug */ = {
			isa = XCBuildConfiguration;
			baseConfigurationReference = 87E0032D932BEF881B990CE8 /* Pods-IVFetchTests.debug.xcconfig */;
			buildSettings = {
				BUNDLE_LOADER = "$(TEST_HOST)";
				INFOPLIST_FILE = IVFetchTests/Info.plist;
				LD_RUNPATH_SEARCH_PATHS = "$(inherited) @executable_path/Frameworks @loader_path/Frameworks";
				PRODUCT_BUNDLE_IDENTIFIER = brianjob.IVFetchTests;
				PRODUCT_NAME = "$(TARGET_NAME)";
				TEST_HOST = "$(BUILT_PRODUCTS_DIR)/IVFetch.app/IVFetch";
			};
			name = Debug;
		};
		C7DBD9E61D70B9CB00497B78 /* Release */ = {
			isa = XCBuildConfiguration;
			baseConfigurationReference = 55B242E37921C3994D30BCB2 /* Pods-IVFetchTests.release.xcconfig */;
			buildSettings = {
				BUNDLE_LOADER = "$(TEST_HOST)";
				INFOPLIST_FILE = IVFetchTests/Info.plist;
				LD_RUNPATH_SEARCH_PATHS = "$(inherited) @executable_path/Frameworks @loader_path/Frameworks";
				PRODUCT_BUNDLE_IDENTIFIER = brianjob.IVFetchTests;
				PRODUCT_NAME = "$(TARGET_NAME)";
				TEST_HOST = "$(BUILT_PRODUCTS_DIR)/IVFetch.app/IVFetch";
			};
			name = Release;
		};
/* End XCBuildConfiguration section */

/* Begin XCConfigurationList section */
		C7DBD9BF1D70B9CB00497B78 /* Build configuration list for PBXProject "IVFetch" */ = {
			isa = XCConfigurationList;
			buildConfigurations = (
				C7DBD9DF1D70B9CB00497B78 /* Debug */,
				C7DBD9E01D70B9CB00497B78 /* Release */,
			);
			defaultConfigurationIsVisible = 0;
			defaultConfigurationName = Release;
		};
		C7DBD9E11D70B9CB00497B78 /* Build configuration list for PBXNativeTarget "IVFetch" */ = {
			isa = XCConfigurationList;
			buildConfigurations = (
				C7DBD9E21D70B9CB00497B78 /* Debug */,
				C7DBD9E31D70B9CB00497B78 /* Release */,
			);
			defaultConfigurationIsVisible = 0;
			defaultConfigurationName = Release;
		};
		C7DBD9E41D70B9CB00497B78 /* Build configuration list for PBXNativeTarget "IVFetchTests" */ = {
			isa = XCConfigurationList;
			buildConfigurations = (
				C7DBD9E51D70B9CB00497B78 /* Debug */,
				C7DBD9E61D70B9CB00497B78 /* Release */,
			);
			defaultConfigurationIsVisible = 0;
			defaultConfigurationName = Release;
		};
/* End XCConfigurationList section */
	};
	rootObject = C7DBD9BC1D70B9CB00497B78 /* Project object */;
}
